schema: 3
root: "4321af51a08dbad7c95cfc255398f2ffe822084352fbe70a7a4b441e3e46e2c9"
packages:
  - name: "wheeler.compiler"
    version: "0.1.0"
    repository: "ee9855ff0d7866533c49b81a7eeb7d1a2cac9d7efbd300c583d29e699516efb0"
    snapshot: "bf06c09bdc2988a65a5fb8e9c7e52e8ab60820a49527e5c79eef820722a38e4e"
    archive: "ba126f03dfdaa80042cfe35fa73c1fd4e166d229e04738f77b6902f4c236e9c7"
    manifest: "cd8aa1b01e49c146d985d57e511e317d3d95f7b162ca4c17170f1a164ee50f80"
    dependencies:
      - "wheeler.core"
  - name: "wheeler.core"
    version: "0.1.0"
    repository: "ee9855ff0d7866533c49b81a7eeb7d1a2cac9d7efbd300c583d29e699516efb0"
    snapshot: "bf06c09bdc2988a65a5fb8e9c7e52e8ab60820a49527e5c79eef820722a38e4e"
    archive: "bee8eefe20a714d4447e58128e2e5caa41ac578d754c19ad9e980b5fb31ff6f0"
    manifest: "262c8c86b121fb4fd5ba1c1c0297ba1cd2abdb3ac7f01e2b0e914f6daff42f0c"
    dependencies: []
