schema: 3
root: "4321af51a08dbad7c95cfc255398f2ffe822084352fbe70a7a4b441e3e46e2c9"
packages:
  - name: "wheeler.compiler"
    version: "0.1.0"
    repository: "ee9855ff0d7866533c49b81a7eeb7d1a2cac9d7efbd300c583d29e699516efb0"
    snapshot: "5d4adc9f000d1e03a169cead57deca4717cc58af5374d68502fcb60a2d768ddf"
    archive: "746f6d4c79ca55ae59dd579a913aca6f5a49ed824da806802c641316721868de"
    manifest: "533e288e3291abbcce97e5a6e25a9d044e3b5145efc736e84ccbf91213e11cd5"
    dependencies:
      - "wheeler.core"
  - name: "wheeler.core"
    version: "0.1.0"
    repository: "ee9855ff0d7866533c49b81a7eeb7d1a2cac9d7efbd300c583d29e699516efb0"
    snapshot: "5d4adc9f000d1e03a169cead57deca4717cc58af5374d68502fcb60a2d768ddf"
    archive: "40f51b549b4e8413caed8ea7506f63a9990fb3bd00c0f2469effa9ab060fa964"
    manifest: "262c8c86b121fb4fd5ba1c1c0297ba1cd2abdb3ac7f01e2b0e914f6daff42f0c"
    dependencies: []
