schema: 3
root: "4321af51a08dbad7c95cfc255398f2ffe822084352fbe70a7a4b441e3e46e2c9"
packages:
  - name: "wheeler.compiler"
    version: "0.1.0"
    repository: "ee9855ff0d7866533c49b81a7eeb7d1a2cac9d7efbd300c583d29e699516efb0"
    snapshot: "86d1553e835f27ab02146dfc12f353f91dded8acb6011e683a63169eea2a2905"
    archive: "f36cdc62ee28c2a57896e17f6572a26063455221171962484612239e72935857"
    manifest: "1f912e778e7078bfe1f1d89f8cd4076241bba1d4dc4d092c5b8538fb52c5f432"
    dependencies:
      - "wheeler.core"
  - name: "wheeler.core"
    version: "0.1.0"
    repository: "ee9855ff0d7866533c49b81a7eeb7d1a2cac9d7efbd300c583d29e699516efb0"
    snapshot: "86d1553e835f27ab02146dfc12f353f91dded8acb6011e683a63169eea2a2905"
    archive: "2c4d4c2b78c425e02139d95497f097fae64fcd31ea4ae941ff8d56ec905b1bb1"
    manifest: "262c8c86b121fb4fd5ba1c1c0297ba1cd2abdb3ac7f01e2b0e914f6daff42f0c"
    dependencies: []
