lock 1 root "757a49e54a0118d5caa92a6189aec7b69a19729fe49ae32286ba4ce08d999c7a";
package "wheeler.compiler" version "0.1.0" archive "5e0d571c1b5fa99277bbbda21e2fafdc8333c0ef9f64ede7bdc19fdb054b2ddc" manifest "358bb0fea3c1c1ecc267af69e348e311e2128a880ac7c4cc645443059091a743";
package "wheeler.core" version "0.1.0" archive "4f8826323788282458554825b92b4fdb56b4cbed38b236202ddac7576477cda7" manifest "7c57ea2cf55d41a2672a4d9ad8cf081815b481da41b7176e3fa33cc06bdedb86";
edge "wheeler.compiler" "wheeler.core";
