schema: 3
root: "7e51f2bcf02354e712a8e97141d5fdfa5ef36785706040c948c2c5b682c46dd2"
packages:
  - name: "wheeler.compiler"
    version: "0.1.0"
    repository: "ee9855ff0d7866533c49b81a7eeb7d1a2cac9d7efbd300c583d29e699516efb0"
    snapshot: "069dffe3bf801c0b482c47e2bf2bc66bddacf7efb8aa35fb7a564d47f3e9bf54"
    archive: "f9451d171b151db59d5ef10fe8a576185ddf7aece91db8f7a929b8a0248e4a10"
    manifest: "fd4115bc2c0a4fbd5b524e95b1d3968aa518f23cf8f3859fb0a86ff8e90e9c80"
    dependencies:
      - "wheeler.core"
  - name: "wheeler.core"
    version: "0.1.0"
    repository: "ee9855ff0d7866533c49b81a7eeb7d1a2cac9d7efbd300c583d29e699516efb0"
    snapshot: "069dffe3bf801c0b482c47e2bf2bc66bddacf7efb8aa35fb7a564d47f3e9bf54"
    archive: "bee8eefe20a714d4447e58128e2e5caa41ac578d754c19ad9e980b5fb31ff6f0"
    manifest: "262c8c86b121fb4fd5ba1c1c0297ba1cd2abdb3ac7f01e2b0e914f6daff42f0c"
    dependencies: []
