schema: 3
root: "4f52699183b6afc5a968aa4f66a8b2371463f29828c6df6135f1c4dd30cd7a84"
packages:
  - name: "wheeler.compiler"
    version: "0.1.0"
    repository: "ee9855ff0d7866533c49b81a7eeb7d1a2cac9d7efbd300c583d29e699516efb0"
    snapshot: "3fe224fad767ce402512dde9a6a54618deeb8071f55c79e5f67e2a372e0785ad"
    archive: "d5341f3e8d5cd5cfbe99dde6fdb3dd4f9f88b11882cc5b42d649b98c77aedb23"
    manifest: "1f912e778e7078bfe1f1d89f8cd4076241bba1d4dc4d092c5b8538fb52c5f432"
    dependencies:
      - "wheeler.core"
  - name: "wheeler.core"
    version: "0.1.0"
    repository: "ee9855ff0d7866533c49b81a7eeb7d1a2cac9d7efbd300c583d29e699516efb0"
    snapshot: "3fe224fad767ce402512dde9a6a54618deeb8071f55c79e5f67e2a372e0785ad"
    archive: "2c4d4c2b78c425e02139d95497f097fae64fcd31ea4ae941ff8d56ec905b1bb1"
    manifest: "262c8c86b121fb4fd5ba1c1c0297ba1cd2abdb3ac7f01e2b0e914f6daff42f0c"
    dependencies: []
  - name: "wheeler.packages"
    version: "0.1.0"
    repository: "ee9855ff0d7866533c49b81a7eeb7d1a2cac9d7efbd300c583d29e699516efb0"
    snapshot: "3fe224fad767ce402512dde9a6a54618deeb8071f55c79e5f67e2a372e0785ad"
    archive: "4f284977f6ccb28190e83424c959a2e680421211b115d7373bf2e1b9b77c78f5"
    manifest: "4321af51a08dbad7c95cfc255398f2ffe822084352fbe70a7a4b441e3e46e2c9"
    dependencies:
      - "wheeler.compiler"
      - "wheeler.core"
  - name: "wheeler.runtime"
    version: "0.1.0"
    repository: "ee9855ff0d7866533c49b81a7eeb7d1a2cac9d7efbd300c583d29e699516efb0"
    snapshot: "3fe224fad767ce402512dde9a6a54618deeb8071f55c79e5f67e2a372e0785ad"
    archive: "dddcb8604610f7b0032bbf4ab93c26bab1bd8f9b6d773324b8671fe30a8cfd0e"
    manifest: "42cb579e63bea46fd92ce5da3789f9b491b35537a43d50d07fca8139657c3ad5"
    dependencies:
      - "wheeler.compiler"
      - "wheeler.core"
