schema: 3
root: "e681245609ad89411bed21322b433353d6b9bd731a1847158eec83856ed1a4de"
packages:
  - name: "wheeler.compiler"
    version: "0.1.0"
    repository: "ee9855ff0d7866533c49b81a7eeb7d1a2cac9d7efbd300c583d29e699516efb0"
    snapshot: "10fc99ae722d8c81dfa1ac482a73c71ac1eb77f29e76eb9810f831fc5cf456b7"
    archive: "655cd1d6a2c56a97e2a544a9fccaa5b3f5ee7c015aa25a4dd295b4e0c90a6eb9"
    manifest: "989094234cb6b6d44157d674ba4129f2ce9e685fc77b9876941b4a1e19d6b1fc"
    dependencies:
      - "wheeler.core"
  - name: "wheeler.core"
    version: "0.1.0"
    repository: "ee9855ff0d7866533c49b81a7eeb7d1a2cac9d7efbd300c583d29e699516efb0"
    snapshot: "10fc99ae722d8c81dfa1ac482a73c71ac1eb77f29e76eb9810f831fc5cf456b7"
    archive: "5b8691b44b94f17d8b54739360884ce3bfdff6fa31a90ef7b9042adb2430d74d"
    manifest: "262c8c86b121fb4fd5ba1c1c0297ba1cd2abdb3ac7f01e2b0e914f6daff42f0c"
    dependencies: []
  - name: "wheeler.packages"
    version: "0.1.0"
    repository: "ee9855ff0d7866533c49b81a7eeb7d1a2cac9d7efbd300c583d29e699516efb0"
    snapshot: "10fc99ae722d8c81dfa1ac482a73c71ac1eb77f29e76eb9810f831fc5cf456b7"
    archive: "4f284977f6ccb28190e83424c959a2e680421211b115d7373bf2e1b9b77c78f5"
    manifest: "4321af51a08dbad7c95cfc255398f2ffe822084352fbe70a7a4b441e3e46e2c9"
    dependencies:
      - "wheeler.compiler"
      - "wheeler.core"
  - name: "wheeler.runtime"
    version: "0.1.0"
    repository: "ee9855ff0d7866533c49b81a7eeb7d1a2cac9d7efbd300c583d29e699516efb0"
    snapshot: "10fc99ae722d8c81dfa1ac482a73c71ac1eb77f29e76eb9810f831fc5cf456b7"
    archive: "dddcb8604610f7b0032bbf4ab93c26bab1bd8f9b6d773324b8671fe30a8cfd0e"
    manifest: "42cb579e63bea46fd92ce5da3789f9b491b35537a43d50d07fca8139657c3ad5"
    dependencies:
      - "wheeler.compiler"
      - "wheeler.core"
