lock 1 root "78f54dea37c28099cc9d641d385a3b94e0987b507bc37f9a71391198f611b28c";
package "wheeler.compiler" version "0.1.0" archive "9757e8177f062e88d752df0aad886ef161d134a0fa74289bc31014fb08803ec3" manifest "eff8b78102384f99c8e04f99172db3c6e041567b64ed2336ae5ff7a34a677769";
package "wheeler.core" version "0.1.0" archive "2af4fff30d014ae9fd62d4a0ebcb48564e5b260a93145fda252a680a823fe06c" manifest "0ed7ccbda89b05d253b801250365e14e94d9f88d0019409352f3f4640402d93e";
package "wheeler.packages" version "0.1.0" archive "6bab331c769e0342ad1a3c99a1cdaa51055abaf5a186f43ac47fc1f0d4a06cc2" manifest "73ec43352c79649d15622ca26e173de7c556c4443245cc99d5852f812557d9c1";
package "wheeler.runtime" version "0.1.0" archive "25a3e1e5542640c4667f5313cdb3dba170c9acf3e622f94b7df0518abe954bb2" manifest "86e2acb887994b4f3719c57821414b03b245d90014cdf95b96c2812de67542c4";
edge "wheeler.compiler" "wheeler.core";
edge "wheeler.packages" "wheeler.compiler";
edge "wheeler.packages" "wheeler.core";
edge "wheeler.runtime" "wheeler.compiler";
edge "wheeler.runtime" "wheeler.core";
