lock 1 root "c7a456244077c1672b79275b26e4716cb00a7efb244442bf4394c9d9c862ac58";
package "wheeler.compiler" version "0.1.0" archive "a1af30e01393e216c68283deb8155fda020488743da980c56c772c24fa05f5b9" manifest "2dccd13ff0d09535dfe950745d73cb5d9ab67cd59002fd89c59ae36cb179e5c2";
package "wheeler.core" version "0.1.0" archive "d115f8176fb6074d68b0d7a795f3960463dfef087e75880e285210c76488abfd" manifest "3cd001a0daca908f5c351f9bddaf22416e3a1519d86dd4f3892088ffa17c4fc6";
package "wheeler.packages" version "0.1.0" archive "1d757d2e8973305e3a1475a840d2f2a1d64cf8914c3d3d70ea6e7f4341b27922" manifest "1dd311d7d7818693866e59727ad58a009866014d52936519c106032f7540fdb9";
package "wheeler.runtime" version "0.1.0" archive "3f4052e79b347f4691c59fedf3bfe12b1c027af947759aee8e809fb820feec70" manifest "d39e5eba01e3d70d97a33c58f96d12ca169f7a52168f97aaf9b0d9a9047c494e";
edge "wheeler.compiler" "wheeler.core";
edge "wheeler.packages" "wheeler.compiler";
edge "wheeler.packages" "wheeler.core";
edge "wheeler.runtime" "wheeler.compiler";
edge "wheeler.runtime" "wheeler.core";
