lock 1 root "c7a456244077c1672b79275b26e4716cb00a7efb244442bf4394c9d9c862ac58";
package "wheeler.compiler" version "0.1.0" archive "13528d1cfb31a307a8fc5b4ab7e18c6b23bd476bc534969dff81c29dbde3b9f6" manifest "2dccd13ff0d09535dfe950745d73cb5d9ab67cd59002fd89c59ae36cb179e5c2";
package "wheeler.core" version "0.1.0" archive "e114f31f9bba6f6bc6f24c1ac20d8f80627394b6029a6f34394c9e08d5de16b2" manifest "2854dacbfc47ea898167b3122dfaee09d8b3f16cf71cc17bc1e2e07e0ece0902";
package "wheeler.packages" version "0.1.0" archive "e1ecb5d69028fc48b2e79eb80b4ae2bca635c95e43880a0f4b77143bdefa5c15" manifest "1c50382d472b8058c6b2dcba141d2154a99075c35d8c32b07b1c56db54aade2a";
package "wheeler.runtime" version "0.1.0" archive "419d500de3df1442784528fc18519e8461a04e291a020c26c69fccc871313db7" manifest "d39e5eba01e3d70d97a33c58f96d12ca169f7a52168f97aaf9b0d9a9047c494e";
edge "wheeler.compiler" "wheeler.core";
edge "wheeler.packages" "wheeler.compiler";
edge "wheeler.packages" "wheeler.core";
edge "wheeler.runtime" "wheeler.compiler";
edge "wheeler.runtime" "wheeler.core";
