schema: 3
root: "10e2b8e156d131a89d61b7f205ecd77fbedf49a5490649424960aabf224e11e2"
packages:
  - name: "wheeler.core"
    version: "0.1.0"
    repository: "ee9855ff0d7866533c49b81a7eeb7d1a2cac9d7efbd300c583d29e699516efb0"
    snapshot: "40d27003b53ae34521e39550b473838508b639bc22d9e875488b249e2c74703a"
    archive: "dc182929d5fb3dc432896d1a1981a1c72c1d497d1c592de01e0b1c958dffbee8"
    manifest: "262c8c86b121fb4fd5ba1c1c0297ba1cd2abdb3ac7f01e2b0e914f6daff42f0c"
    dependencies: []
