schema: 3
root: "331343ae1bf73fa36ae753530384906525fd421ef9da768c4cad50babc1792ad"
packages:
  - name: "wheeler.core"
    version: "0.1.0"
    repository: "ee9855ff0d7866533c49b81a7eeb7d1a2cac9d7efbd300c583d29e699516efb0"
    snapshot: "069dffe3bf801c0b482c47e2bf2bc66bddacf7efb8aa35fb7a564d47f3e9bf54"
    archive: "bee8eefe20a714d4447e58128e2e5caa41ac578d754c19ad9e980b5fb31ff6f0"
    manifest: "262c8c86b121fb4fd5ba1c1c0297ba1cd2abdb3ac7f01e2b0e914f6daff42f0c"
    dependencies: []
