schema: 3
root: "ab202adc76b1b66cebe525b30e464a30cc2f3ad9e09a4796916643a78601702f"
packages:
  - name: "wheeler.compiler"
    version: "0.1.0"
    repository: "ee9855ff0d7866533c49b81a7eeb7d1a2cac9d7efbd300c583d29e699516efb0"
    snapshot: "069dffe3bf801c0b482c47e2bf2bc66bddacf7efb8aa35fb7a564d47f3e9bf54"
    archive: "617bdb5c172b8b3c8c4d81b53d6a86baffbd52d2cf1d05d210d26caab9b4189c"
    manifest: "688f6b7853bc23ea03e3d8c632fbfd93bb45ccedff44e56571fb3df09d714912"
    dependencies:
      - "wheeler.core"
  - name: "wheeler.core"
    version: "0.1.0"
    repository: "ee9855ff0d7866533c49b81a7eeb7d1a2cac9d7efbd300c583d29e699516efb0"
    snapshot: "069dffe3bf801c0b482c47e2bf2bc66bddacf7efb8aa35fb7a564d47f3e9bf54"
    archive: "bee8eefe20a714d4447e58128e2e5caa41ac578d754c19ad9e980b5fb31ff6f0"
    manifest: "262c8c86b121fb4fd5ba1c1c0297ba1cd2abdb3ac7f01e2b0e914f6daff42f0c"
    dependencies: []
  - name: "wheeler.packages"
    version: "0.1.0"
    repository: "ee9855ff0d7866533c49b81a7eeb7d1a2cac9d7efbd300c583d29e699516efb0"
    snapshot: "069dffe3bf801c0b482c47e2bf2bc66bddacf7efb8aa35fb7a564d47f3e9bf54"
    archive: "bc522d5949fb6e30fa4355473276e7f669518bd734b083ad90a7f0eb61f17156"
    manifest: "4321af51a08dbad7c95cfc255398f2ffe822084352fbe70a7a4b441e3e46e2c9"
    dependencies:
      - "wheeler.compiler"
      - "wheeler.core"
  - name: "wheeler.runtime"
    version: "0.1.0"
    repository: "ee9855ff0d7866533c49b81a7eeb7d1a2cac9d7efbd300c583d29e699516efb0"
    snapshot: "069dffe3bf801c0b482c47e2bf2bc66bddacf7efb8aa35fb7a564d47f3e9bf54"
    archive: "ceaaef5d29541b4ff4016f21a67382074e560c452d62d59ac58b55ab6c0325a4"
    manifest: "42011c887d887364ca16bc2255bc28374882559192e9ab6dbf5f674ce0ae1f49"
    dependencies:
      - "wheeler.compiler"
      - "wheeler.core"
      - "wheeler.packages"
