schema: 3
root: "534d90644713d2bcfeeba2fee2c324685015e3efc253faff5578ce533f40a479"
packages:
  - name: "wheeler.compiler"
    version: "0.1.0"
    repository: "ee9855ff0d7866533c49b81a7eeb7d1a2cac9d7efbd300c583d29e699516efb0"
    snapshot: "1c87e57efcc4f70929cc7c62820a5b02b565dde44b1f5bfe630d20c4d2a76dab"
    archive: "06d03471a19881c8b172d3bb88b6fc160b0ba73782f01f1613e49259d45521ce"
    manifest: "be31ea5d6dd3b76f4c56bd01a917535f2d35b374a4b3c80251d0dfc233a4cbf3"
    dependencies:
      - "wheeler.core"
  - name: "wheeler.core"
    version: "0.1.0"
    repository: "ee9855ff0d7866533c49b81a7eeb7d1a2cac9d7efbd300c583d29e699516efb0"
    snapshot: "1c87e57efcc4f70929cc7c62820a5b02b565dde44b1f5bfe630d20c4d2a76dab"
    archive: "dc182929d5fb3dc432896d1a1981a1c72c1d497d1c592de01e0b1c958dffbee8"
    manifest: "262c8c86b121fb4fd5ba1c1c0297ba1cd2abdb3ac7f01e2b0e914f6daff42f0c"
    dependencies: []
  - name: "wheeler.packages"
    version: "0.1.0"
    repository: "ee9855ff0d7866533c49b81a7eeb7d1a2cac9d7efbd300c583d29e699516efb0"
    snapshot: "1c87e57efcc4f70929cc7c62820a5b02b565dde44b1f5bfe630d20c4d2a76dab"
    archive: "4f284977f6ccb28190e83424c959a2e680421211b115d7373bf2e1b9b77c78f5"
    manifest: "4321af51a08dbad7c95cfc255398f2ffe822084352fbe70a7a4b441e3e46e2c9"
    dependencies:
      - "wheeler.compiler"
      - "wheeler.core"
  - name: "wheeler.runtime"
    version: "0.1.0"
    repository: "ee9855ff0d7866533c49b81a7eeb7d1a2cac9d7efbd300c583d29e699516efb0"
    snapshot: "1c87e57efcc4f70929cc7c62820a5b02b565dde44b1f5bfe630d20c4d2a76dab"
    archive: "43ea28877c68fdf065e03e010827638830cb2fe09e7928437b24149fe2f2101a"
    manifest: "42cb579e63bea46fd92ce5da3789f9b491b35537a43d50d07fca8139657c3ad5"
    dependencies:
      - "wheeler.compiler"
      - "wheeler.core"
