schema: 3
root: "ab202adc76b1b66cebe525b30e464a30cc2f3ad9e09a4796916643a78601702f"
packages:
  - name: "wheeler.compiler"
    version: "0.1.0"
    repository: "ee9855ff0d7866533c49b81a7eeb7d1a2cac9d7efbd300c583d29e699516efb0"
    snapshot: "069dffe3bf801c0b482c47e2bf2bc66bddacf7efb8aa35fb7a564d47f3e9bf54"
    archive: "118c5306574cf1ed05b78f5a835988b87b890de0fdb8f50c200dd84277e5c429"
    manifest: "9443cecd16c1c516fb2b9f8e835999f0065e513762a8c0aab296087945587e14"
    dependencies:
      - "wheeler.core"
  - name: "wheeler.core"
    version: "0.1.0"
    repository: "ee9855ff0d7866533c49b81a7eeb7d1a2cac9d7efbd300c583d29e699516efb0"
    snapshot: "069dffe3bf801c0b482c47e2bf2bc66bddacf7efb8aa35fb7a564d47f3e9bf54"
    archive: "bee8eefe20a714d4447e58128e2e5caa41ac578d754c19ad9e980b5fb31ff6f0"
    manifest: "262c8c86b121fb4fd5ba1c1c0297ba1cd2abdb3ac7f01e2b0e914f6daff42f0c"
    dependencies: []
  - name: "wheeler.packages"
    version: "0.1.0"
    repository: "ee9855ff0d7866533c49b81a7eeb7d1a2cac9d7efbd300c583d29e699516efb0"
    snapshot: "069dffe3bf801c0b482c47e2bf2bc66bddacf7efb8aa35fb7a564d47f3e9bf54"
    archive: "bde452028f7c6f6cb632b36830f34a3faf6f960bb52e5979b6def49d073b9e2a"
    manifest: "4321af51a08dbad7c95cfc255398f2ffe822084352fbe70a7a4b441e3e46e2c9"
    dependencies:
      - "wheeler.compiler"
      - "wheeler.core"
  - name: "wheeler.runtime"
    version: "0.1.0"
    repository: "ee9855ff0d7866533c49b81a7eeb7d1a2cac9d7efbd300c583d29e699516efb0"
    snapshot: "069dffe3bf801c0b482c47e2bf2bc66bddacf7efb8aa35fb7a564d47f3e9bf54"
    archive: "ec98edd777269388e6a1a7b061a31119de2f72a2c5603cec96619fd5de0b4a9d"
    manifest: "42011c887d887364ca16bc2255bc28374882559192e9ab6dbf5f674ce0ae1f49"
    dependencies:
      - "wheeler.compiler"
      - "wheeler.core"
      - "wheeler.packages"
