schema: 3
root: "42cb579e63bea46fd92ce5da3789f9b491b35537a43d50d07fca8139657c3ad5"
packages:
  - name: "wheeler.compiler"
    version: "0.1.0"
    repository: "ee9855ff0d7866533c49b81a7eeb7d1a2cac9d7efbd300c583d29e699516efb0"
    snapshot: "5b84ae6736ce89aaca86dac518e971d7982d2b055c5c240b50e565356969de9a"
    archive: "ce5f343a88d22e35e1f87cbfb5f0d2ece1e2793a1033418ac8ba9c85d1ed1ce7"
    manifest: "46a68a28aa8ed6b2f584b7a8eeda2f58b4076f0aa9154d07bfe45a5eb71f40ef"
    dependencies:
      - "wheeler.core"
  - name: "wheeler.core"
    version: "0.1.0"
    repository: "ee9855ff0d7866533c49b81a7eeb7d1a2cac9d7efbd300c583d29e699516efb0"
    snapshot: "5b84ae6736ce89aaca86dac518e971d7982d2b055c5c240b50e565356969de9a"
    archive: "c76e9c671151e011d7e7e277edaa9ecac8d8eed677865a21eaec80d029791f34"
    manifest: "262c8c86b121fb4fd5ba1c1c0297ba1cd2abdb3ac7f01e2b0e914f6daff42f0c"
    dependencies: []
