schema: 3
root: "42cb579e63bea46fd92ce5da3789f9b491b35537a43d50d07fca8139657c3ad5"
packages:
  - name: "wheeler.compiler"
    version: "0.1.0"
    repository: "ee9855ff0d7866533c49b81a7eeb7d1a2cac9d7efbd300c583d29e699516efb0"
    snapshot: "bf70da5710074289bb80ad7da313a08d7589dd5c1012e93d4baf6cada672dd1d"
    archive: "961364c716679ac7f2f67f07bb0de25816da8c3758ddf7ef5d9ee010635b4f59"
    manifest: "be31ea5d6dd3b76f4c56bd01a917535f2d35b374a4b3c80251d0dfc233a4cbf3"
    dependencies:
      - "wheeler.core"
  - name: "wheeler.core"
    version: "0.1.0"
    repository: "ee9855ff0d7866533c49b81a7eeb7d1a2cac9d7efbd300c583d29e699516efb0"
    snapshot: "bf70da5710074289bb80ad7da313a08d7589dd5c1012e93d4baf6cada672dd1d"
    archive: "dc182929d5fb3dc432896d1a1981a1c72c1d497d1c592de01e0b1c958dffbee8"
    manifest: "262c8c86b121fb4fd5ba1c1c0297ba1cd2abdb3ac7f01e2b0e914f6daff42f0c"
    dependencies: []
